
Microsoft Visual Studio Solution File, Format Version 12.00
Project("{FAE04EC0-301F-11D3-BF4B-00C04F79EFBC}") = "EnglishLearn", "EnglishLearn\EnglishLearn.csproj", "{6926B920-DB25-47C2-B198-FE4E5E014022}"
EndProject
Project("{FAE04EC0-301F-11D3-BF4B-00C04F79EFBC}") = "EnglishLearn.Tests", "EnglishLearn.Tests\EnglishLearn.Tests.csproj", "{C23A872C-B3C5-4EF6-A885-B5C36E8FA7DA}"
EndProject
Global
	GlobalSection(SolutionConfigurationPlatforms) = preSolution
		Debug|Any CPU = Debug|Any CPU
		Release|Any CPU = Release|Any CPU
	EndGlobalSection
	GlobalSection(ProjectConfigurationPlatforms) = postSolution
		{6926B920-DB25-47C2-B198-FE4E5E014022}.Debug|Any CPU.ActiveCfg = Debug|Any CPU
		{6926B920-DB25-47C2-B198-FE4E5E014022}.Debug|Any CPU.Build.0 = Debug|Any CPU
		{6926B920-DB25-47C2-B198-FE4E5E014022}.Release|Any CPU.ActiveCfg = Release|Any CPU
		{6926B920-DB25-47C2-B198-FE4E5E014022}.Release|Any CPU.Build.0 = Release|Any CPU
		{C23A872C-B3C5-4EF6-A885-B5C36E8FA7DA}.Debug|Any CPU.ActiveCfg = Debug|Any CPU
		{C23A872C-B3C5-4EF6-A885-B5C36E8FA7DA}.Debug|Any CPU.Build.0 = Debug|Any CPU
		{C23A872C-B3C5-4EF6-A885-B5C36E8FA7DA}.Release|Any CPU.ActiveCfg = Release|Any CPU
		{C23A872C-B3C5-4EF6-A885-B5C36E8FA7DA}.Release|Any CPU.Build.0 = Release|Any CPU
	EndGlobalSection
EndGlobal
