
Microsoft Visual Studio Solution File, Format Version 12.00
Project("{FAE04EC0-301F-11D3-BF4B-00C04F79EFBC}") = "LanguageTrainer", "LanguageTrainer\LanguageTrainer.csproj", "{8C4CD143-C731-4EEA-8EE8-8F6F347D6978}"
EndProject
Project("{FAE04EC0-301F-11D3-BF4B-00C04F79EFBC}") = "LanguageTrainerTests", "LanguageTrainerTests\LanguageTrainerTests.csproj", "{46DBE379-07A7-401D-B2F6-AF5F00477386}"
EndProject
Global
	GlobalSection(SolutionConfigurationPlatforms) = preSolution
		Debug|Any CPU = Debug|Any CPU
		Release|Any CPU = Release|Any CPU
	EndGlobalSection
	GlobalSection(ProjectConfigurationPlatforms) = postSolution
		{8C4CD143-C731-4EEA-8EE8-8F6F347D6978}.Debug|Any CPU.ActiveCfg = Debug|Any CPU
		{8C4CD143-C731-4EEA-8EE8-8F6F347D6978}.Debug|Any CPU.Build.0 = Debug|Any CPU
		{8C4CD143-C731-4EEA-8EE8-8F6F347D6978}.Release|Any CPU.ActiveCfg = Release|Any CPU
		{8C4CD143-C731-4EEA-8EE8-8F6F347D6978}.Release|Any CPU.Build.0 = Release|Any CPU
		{46DBE379-07A7-401D-B2F6-AF5F00477386}.Debug|Any CPU.ActiveCfg = Debug|Any CPU
		{46DBE379-07A7-401D-B2F6-AF5F00477386}.Debug|Any CPU.Build.0 = Debug|Any CPU
		{46DBE379-07A7-401D-B2F6-AF5F00477386}.Release|Any CPU.ActiveCfg = Release|Any CPU
		{46DBE379-07A7-401D-B2F6-AF5F00477386}.Release|Any CPU.Build.0 = Release|Any CPU
	EndGlobalSection
EndGlobal
